
Microsoft Visual Studio Solution File, Format Version 12.00
# Visual Studio Version 17
VisualStudioVersion = 17.6.33815.320
MinimumVisualStudioVersion = 10.0.40219.1
Project("{FAE04EC0-301F-11D3-BF4B-00C04F79EFBC}") = "P4_CustomerSupport", "P4_CustomerSupport\P4_CustomerSupport.csproj", "{19343FBC-C4F7-46FB-A945-8CA5C96CD68F}"
EndProject
Project("{FAE04EC0-301F-11D3-BF4B-00C04F79EFBC}") = "CustomerSupport", "CustomerSupport\CustomerSupport.csproj", "{80CE7908-4CA4-48F7-9CA5-339AEBE2DF59}"
EndProject
Global
	GlobalSection(SolutionConfigurationPlatforms) = preSolution
		Debug|Any CPU = Debug|Any CPU
		Release|Any CPU = Release|Any CPU
	EndGlobalSection
	GlobalSection(ProjectConfigurationPlatforms) = postSolution
		{19343FBC-C4F7-46FB-A945-8CA5C96CD68F}.Debug|Any CPU.ActiveCfg = Debug|Any CPU
		{19343FBC-C4F7-46FB-A945-8CA5C96CD68F}.Debug|Any CPU.Build.0 = Debug|Any CPU
		{19343FBC-C4F7-46FB-A945-8CA5C96CD68F}.Release|Any CPU.ActiveCfg = Release|Any CPU
		{19343FBC-C4F7-46FB-A945-8CA5C96CD68F}.Release|Any CPU.Build.0 = Release|Any CPU
		{80CE7908-4CA4-48F7-9CA5-339AEBE2DF59}.Debug|Any CPU.ActiveCfg = Debug|Any CPU
		{80CE7908-4CA4-48F7-9CA5-339AEBE2DF59}.Debug|Any CPU.Build.0 = Debug|Any CPU
		{80CE7908-4CA4-48F7-9CA5-339AEBE2DF59}.Release|Any CPU.ActiveCfg = Release|Any CPU
		{80CE7908-4CA4-48F7-9CA5-339AEBE2DF59}.Release|Any CPU.Build.0 = Release|Any CPU
	EndGlobalSection
	GlobalSection(SolutionProperties) = preSolution
		HideSolutionNode = FALSE
	EndGlobalSection
	GlobalSection(ExtensibilityGlobals) = postSolution
		SolutionGuid = {2425E9D9-1E2C-4AF9-8C92-EB8104CAED61}
	EndGlobalSection
EndGlobal
